
Microsoft Visual Studio Solution File, Format Version 12.00
# Visual Studio Version 16
VisualStudioVersion = 16.0.30804.86
MinimumVisualStudioVersion = 10.0.40219.1
Project("{9A19103F-16F7-4668-BE54-9A1E7A4F7556}") = "Xenon.Launcher", "Xenon.Launcher\Xenon.Launcher.csproj", "{DE666575-EBCE-45EA-AD11-890640397781}"
EndProject
Global
	GlobalSection(SolutionConfigurationPlatforms) = preSolution
		Debug|Any CPU = Debug|Any CPU
		Release|Any CPU = Release|Any CPU
	EndGlobalSection
	GlobalSection(ProjectConfigurationPlatforms) = postSolution
		{DE666575-EBCE-45EA-AD11-890640397781}.Debug|Any CPU.ActiveCfg = Debug|Any CPU
		{DE666575-EBCE-45EA-AD11-890640397781}.Debug|Any CPU.Build.0 = Debug|Any CPU
		{DE666575-EBCE-45EA-AD11-890640397781}.Release|Any CPU.ActiveCfg = Release|Any CPU
		{DE666575-EBCE-45EA-AD11-890640397781}.Release|Any CPU.Build.0 = Release|Any CPU
	EndGlobalSection
	GlobalSection(SolutionProperties) = preSolution
		HideSolutionNode = FALSE
	EndGlobalSection
	GlobalSection(ExtensibilityGlobals) = postSolution
		SolutionGuid = {D6756793-BF03-482F-A767-AE4886AC3CE6}
	EndGlobalSection
EndGlobal
